
Microsoft Visual Studio Solution File, Format Version 12.00
# Visual Studio Version 17
VisualStudioVersion = 17.2.32519.379
MinimumVisualStudioVersion = 10.0.40219.1
Project("{9A19103F-16F7-4668-BE54-9A1E7A4F7556}") = "CheesyTot.AspNetCoreIdentity.AzureTables", "CheesyTot.AspNetCoreIdentity.AzureTables\CheesyTot.AspNetCoreIdentity.AzureTables.csproj", "{8CDC6E7A-05A8-4108-81B4-F4068EF2E89B}"
EndProject
Project("{9A19103F-16F7-4668-BE54-9A1E7A4F7556}") = "CheesyTot.AspNetCoreIdentity.AzureTables.TestSite", "CheesyTot.AspNetCoreIdentity.AzureTables.TestSite\CheesyTot.AspNetCoreIdentity.AzureTables.TestSite.csproj", "{52C2EB9C-76DA-495D-A395-5926DAF10CFF}"
EndProject
Global
	GlobalSection(SolutionConfigurationPlatforms) = preSolution
		Debug|Any CPU = Debug|Any CPU
		Release|Any CPU = Release|Any CPU
	EndGlobalSection
	GlobalSection(ProjectConfigurationPlatforms) = postSolution
		{8CDC6E7A-05A8-4108-81B4-F4068EF2E89B}.Debug|Any CPU.ActiveCfg = Debug|Any CPU
		{8CDC6E7A-05A8-4108-81B4-F4068EF2E89B}.Debug|Any CPU.Build.0 = Debug|Any CPU
		{8CDC6E7A-05A8-4108-81B4-F4068EF2E89B}.Release|Any CPU.ActiveCfg = Release|Any CPU
		{8CDC6E7A-05A8-4108-81B4-F4068EF2E89B}.Release|Any CPU.Build.0 = Release|Any CPU
		{52C2EB9C-76DA-495D-A395-5926DAF10CFF}.Debug|Any CPU.ActiveCfg = Debug|Any CPU
		{52C2EB9C-76DA-495D-A395-5926DAF10CFF}.Debug|Any CPU.Build.0 = Debug|Any CPU
		{52C2EB9C-76DA-495D-A395-5926DAF10CFF}.Release|Any CPU.ActiveCfg = Release|Any CPU
		{52C2EB9C-76DA-495D-A395-5926DAF10CFF}.Release|Any CPU.Build.0 = Release|Any CPU
	EndGlobalSection
	GlobalSection(SolutionProperties) = preSolution
		HideSolutionNode = FALSE
	EndGlobalSection
	GlobalSection(ExtensibilityGlobals) = postSolution
		SolutionGuid = {D820D3D3-DDCD-4822-B065-F6313B9EC3B1}
	EndGlobalSection
EndGlobal
